
Microsoft Visual Studio Solution File, Format Version 12.00
# Visual Studio 15
VisualStudioVersion = 15.0.28010.2003
MinimumVisualStudioVersion = 10.0.40219.1
Project("{FAE04EC0-301F-11D3-BF4B-00C04F79EFBC}") = "UndestandingLINQ", "UndestandingLINQ\UndestandingLINQ.csproj", "{9353222B-576C-4420-96A8-3919CE34F336}"
EndProject
Global
	GlobalSection(SolutionConfigurationPlatforms) = preSolution
		Debug|Any CPU = Debug|Any CPU
		Release|Any CPU = Release|Any CPU
	EndGlobalSection
	GlobalSection(ProjectConfigurationPlatforms) = postSolution
		{9353222B-576C-4420-96A8-3919CE34F336}.Debug|Any CPU.ActiveCfg = Debug|Any CPU
		{9353222B-576C-4420-96A8-3919CE34F336}.Debug|Any CPU.Build.0 = Debug|Any CPU
		{9353222B-576C-4420-96A8-3919CE34F336}.Release|Any CPU.ActiveCfg = Release|Any CPU
		{9353222B-576C-4420-96A8-3919CE34F336}.Release|Any CPU.Build.0 = Release|Any CPU
	EndGlobalSection
	GlobalSection(SolutionProperties) = preSolution
		HideSolutionNode = FALSE
	EndGlobalSection
	GlobalSection(ExtensibilityGlobals) = postSolution
		SolutionGuid = {FA493788-58DD-4FE7-B3B4-87E1F95B0EFD}
	EndGlobalSection
EndGlobal
