
Microsoft Visual Studio Solution File, Format Version 12.00
# Visual Studio 15
VisualStudioVersion = 15.0.28010.2003
MinimumVisualStudioVersion = 10.0.40219.1
Project("{FAE04EC0-301F-11D3-BF4B-00C04F79EFBC}") = "ConsoleAplication2", "ConsoleAplication2\ConsoleAplication2.csproj", "{6F19D3B6-4FBF-45E8-BBE2-801C8CCE0663}"
EndProject
Global
	GlobalSection(SolutionConfigurationPlatforms) = preSolution
		Debug|Any CPU = Debug|Any CPU
		Release|Any CPU = Release|Any CPU
	EndGlobalSection
	GlobalSection(ProjectConfigurationPlatforms) = postSolution
		{6F19D3B6-4FBF-45E8-BBE2-801C8CCE0663}.Debug|Any CPU.ActiveCfg = Debug|Any CPU
		{6F19D3B6-4FBF-45E8-BBE2-801C8CCE0663}.Debug|Any CPU.Build.0 = Debug|Any CPU
		{6F19D3B6-4FBF-45E8-BBE2-801C8CCE0663}.Release|Any CPU.ActiveCfg = Release|Any CPU
		{6F19D3B6-4FBF-45E8-BBE2-801C8CCE0663}.Release|Any CPU.Build.0 = Release|Any CPU
	EndGlobalSection
	GlobalSection(SolutionProperties) = preSolution
		HideSolutionNode = FALSE
	EndGlobalSection
	GlobalSection(ExtensibilityGlobals) = postSolution
		SolutionGuid = {296C820C-136F-4C6D-B03A-8BB17E363987}
	EndGlobalSection
EndGlobal
