
Microsoft Visual Studio Solution File, Format Version 12.00
# Visual Studio 15
VisualStudioVersion = 15.0.28010.2003
MinimumVisualStudioVersion = 10.0.40219.1
Project("{FAE04EC0-301F-11D3-BF4B-00C04F79EFBC}") = "ScrapeLibrary", "ScrapeLibrary\ScrapeLibrary.csproj", "{AB4331FD-FC0F-47E6-BD05-62859E525788}"
EndProject
Project("{FAE04EC0-301F-11D3-BF4B-00C04F79EFBC}") = "ScrapeClient", "ScrapeClient\ScrapeClient.csproj", "{AB3A2DAC-3E2B-49ED-8636-139BADBAEC1F}"
EndProject
Global
	GlobalSection(SolutionConfigurationPlatforms) = preSolution
		Debug|Any CPU = Debug|Any CPU
		Release|Any CPU = Release|Any CPU
	EndGlobalSection
	GlobalSection(ProjectConfigurationPlatforms) = postSolution
		{AB4331FD-FC0F-47E6-BD05-62859E525788}.Debug|Any CPU.ActiveCfg = Debug|Any CPU
		{AB4331FD-FC0F-47E6-BD05-62859E525788}.Debug|Any CPU.Build.0 = Debug|Any CPU
		{AB4331FD-FC0F-47E6-BD05-62859E525788}.Release|Any CPU.ActiveCfg = Release|Any CPU
		{AB4331FD-FC0F-47E6-BD05-62859E525788}.Release|Any CPU.Build.0 = Release|Any CPU
		{AB3A2DAC-3E2B-49ED-8636-139BADBAEC1F}.Debug|Any CPU.ActiveCfg = Debug|Any CPU
		{AB3A2DAC-3E2B-49ED-8636-139BADBAEC1F}.Debug|Any CPU.Build.0 = Debug|Any CPU
		{AB3A2DAC-3E2B-49ED-8636-139BADBAEC1F}.Release|Any CPU.ActiveCfg = Release|Any CPU
		{AB3A2DAC-3E2B-49ED-8636-139BADBAEC1F}.Release|Any CPU.Build.0 = Release|Any CPU
	EndGlobalSection
	GlobalSection(SolutionProperties) = preSolution
		HideSolutionNode = FALSE
	EndGlobalSection
	GlobalSection(ExtensibilityGlobals) = postSolution
		SolutionGuid = {DBA044EE-A822-493E-928E-07EE2962E367}
	EndGlobalSection
EndGlobal
